
Microsoft Visual Studio Solution File, Format Version 12.00
# Visual Studio Version 17
VisualStudioVersion = 17.8.34322.80
MinimumVisualStudioVersion = 10.0.40219.1
Project("{FAE04EC0-301F-11D3-BF4B-00C04F79EFBC}") = "SessionExtension", "SessionExtension\SessionExtension.csproj", "{7B8130F1-28C2-4D8E-BAE1-97440776EFED}"
EndProject
Global
	GlobalSection(SolutionConfigurationPlatforms) = preSolution
		Debug|Any CPU = Debug|Any CPU
		Release|Any CPU = Release|Any CPU
	EndGlobalSection
	GlobalSection(ProjectConfigurationPlatforms) = postSolution
		{7B8130F1-28C2-4D8E-BAE1-97440776EFED}.Debug|Any CPU.ActiveCfg = Debug|Any CPU
		{7B8130F1-28C2-4D8E-BAE1-97440776EFED}.Debug|Any CPU.Build.0 = Debug|Any CPU
		{7B8130F1-28C2-4D8E-BAE1-97440776EFED}.Release|Any CPU.ActiveCfg = Release|Any CPU
		{7B8130F1-28C2-4D8E-BAE1-97440776EFED}.Release|Any CPU.Build.0 = Release|Any CPU
	EndGlobalSection
	GlobalSection(SolutionProperties) = preSolution
		HideSolutionNode = FALSE
	EndGlobalSection
	GlobalSection(ExtensibilityGlobals) = postSolution
		SolutionGuid = {02F88ED1-294D-47AE-B20B-1E4E07AF0220}
	EndGlobalSection
EndGlobal
